{
  "name": "pinstackdecoder",
  "version": "0.0.1",
  "lockfileVersion": 1,
  "requires": true,
  "dependencies": {
    "@types/jquery": {
      "version": "3.3.0",
      "resolved": "https://registry.npmjs.org/@types/jquery/-/jquery-3.3.0.tgz",
      "integrity": "sha512-szaKV2OQgwxYTGTY6qd9eeBfGGCaP7n2OGit4JdbOcfGgc9VWjfhMhnu5AVNhIAu8WWDIB36q9dfPVba1fGeIQ=="
    },
    "@types/masonry-layout": {
      "version": "4.2.0",
      "resolved": "https://registry.npmjs.org/@types/masonry-layout/-/masonry-layout-4.2.0.tgz",
      "integrity": "sha512-rHUMNg2CB6V8s0MWLmBETX+MvBCROWKsABh0HdrT9Xn/GM6gXfy9GRqig84ZpkWk61pjDaITRG3KUK1Y3G0lBQ==",
      "requires": {
        "@types/jquery": "3.3.0"
      }
    }
  }
}
